
Microsoft Visual Studio Solution File, Format Version 12.00
# Visual Studio Version 17
VisualStudioVersion = 17.4.33122.133
MinimumVisualStudioVersion = 10.0.40219.1
Project("{9A19103F-16F7-4668-BE54-9A1E7A4F7556}") = "Guide.VariacaoAtivo.Application", "Guide.VariacaoAtivo.Application\Guide.VariacaoAtivo.Application.csproj", "{4904BA92-FDD1-43A6-B7C8-58B316038D38}"
	ProjectSection(ProjectDependencies) = postProject
		{CBEA05D5-BD5B-42AA-8224-54F4962C52BB} = {CBEA05D5-BD5B-42AA-8224-54F4962C52BB}
	EndProjectSection
EndProject
Project("{9A19103F-16F7-4668-BE54-9A1E7A4F7556}") = "Guide.VariacaoAtivo.Data", "Guide.VariacaoAtivo.Data\Guide.VariacaoAtivo.Data.csproj", "{CBEA05D5-BD5B-42AA-8224-54F4962C52BB}"
EndProject
Project("{9A19103F-16F7-4668-BE54-9A1E7A4F7556}") = "Guide.VariacaoAtivo.Domain", "Guide.VariacaoAtivo.Domain\Guide.VariacaoAtivo.Domain.csproj", "{0AF26571-6047-4CCC-A943-1C20E361A3B3}"
EndProject
Global
	GlobalSection(SolutionConfigurationPlatforms) = preSolution
		Debug|Any CPU = Debug|Any CPU
		Release|Any CPU = Release|Any CPU
	EndGlobalSection
	GlobalSection(ProjectConfigurationPlatforms) = postSolution
		{4904BA92-FDD1-43A6-B7C8-58B316038D38}.Debug|Any CPU.ActiveCfg = Debug|Any CPU
		{4904BA92-FDD1-43A6-B7C8-58B316038D38}.Debug|Any CPU.Build.0 = Debug|Any CPU
		{4904BA92-FDD1-43A6-B7C8-58B316038D38}.Release|Any CPU.ActiveCfg = Release|Any CPU
		{4904BA92-FDD1-43A6-B7C8-58B316038D38}.Release|Any CPU.Build.0 = Release|Any CPU
		{CBEA05D5-BD5B-42AA-8224-54F4962C52BB}.Debug|Any CPU.ActiveCfg = Debug|Any CPU
		{CBEA05D5-BD5B-42AA-8224-54F4962C52BB}.Debug|Any CPU.Build.0 = Debug|Any CPU
		{CBEA05D5-BD5B-42AA-8224-54F4962C52BB}.Release|Any CPU.ActiveCfg = Release|Any CPU
		{CBEA05D5-BD5B-42AA-8224-54F4962C52BB}.Release|Any CPU.Build.0 = Release|Any CPU
		{0AF26571-6047-4CCC-A943-1C20E361A3B3}.Debug|Any CPU.ActiveCfg = Debug|Any CPU
		{0AF26571-6047-4CCC-A943-1C20E361A3B3}.Debug|Any CPU.Build.0 = Debug|Any CPU
		{0AF26571-6047-4CCC-A943-1C20E361A3B3}.Release|Any CPU.ActiveCfg = Release|Any CPU
		{0AF26571-6047-4CCC-A943-1C20E361A3B3}.Release|Any CPU.Build.0 = Release|Any CPU
	EndGlobalSection
	GlobalSection(SolutionProperties) = preSolution
		HideSolutionNode = FALSE
	EndGlobalSection
	GlobalSection(ExtensibilityGlobals) = postSolution
		SolutionGuid = {5A973A2B-57B5-49C5-8C77-32020FFF2E38}
	EndGlobalSection
EndGlobal
